
Microsoft Visual Studio Solution File, Format Version 12.00
# Visual Studio Version 17
VisualStudioVersion = 17.7.34031.279
MinimumVisualStudioVersion = 10.0.40219.1
Project("{FAE04EC0-301F-11D3-BF4B-00C04F79EFBC}") = "num2", "num2\num2.csproj", "{40EFE116-A059-4432-9C56-21ACBE40F2B8}"
EndProject
Global
	GlobalSection(SolutionConfigurationPlatforms) = preSolution
		Debug|Any CPU = Debug|Any CPU
		Release|Any CPU = Release|Any CPU
	EndGlobalSection
	GlobalSection(ProjectConfigurationPlatforms) = postSolution
		{40EFE116-A059-4432-9C56-21ACBE40F2B8}.Debug|Any CPU.ActiveCfg = Debug|Any CPU
		{40EFE116-A059-4432-9C56-21ACBE40F2B8}.Debug|Any CPU.Build.0 = Debug|Any CPU
		{40EFE116-A059-4432-9C56-21ACBE40F2B8}.Release|Any CPU.ActiveCfg = Release|Any CPU
		{40EFE116-A059-4432-9C56-21ACBE40F2B8}.Release|Any CPU.Build.0 = Release|Any CPU
	EndGlobalSection
	GlobalSection(SolutionProperties) = preSolution
		HideSolutionNode = FALSE
	EndGlobalSection
	GlobalSection(ExtensibilityGlobals) = postSolution
		SolutionGuid = {050B6059-73C0-49E8-A3CF-A0B41D30AF39}
	EndGlobalSection
EndGlobal
